// !$*UTF8*$!
{
	archiveVersion = 1;
	classes = {
	};
	objectVersion = 55;
	objects = {

/* Begin PBXBuildFile section */
		07351F43E15AF3F931B324BF /* Package404.framework in Frameworks */ = {isa = PBXBuildFile; fileRef = 64730D5CEB8600CD3B2AA417 /* Package404.framework */; };
		116385CBD8EA39FFD8B289E8 /* RandomCode9.swift in Sources */ = {isa = PBXBuildFile; fileRef = 955885311E17B952E3B9CDE8 /* RandomCode9.swift */; };
		2A07E309DD4449D64AC610F4 /* Package403.framework in Frameworks */ = {isa = PBXBuildFile; fileRef = 4F95E5969C2C9CA151F17195 /* Package403.framework */; };
		30DA8DAB9F88A89A64D19108 /* Package412.framework in Frameworks */ = {isa = PBXBuildFile; fileRef = F81E504AE2E5395B7844036F /* Package412.framework */; };
		315D1E753D05485EBB7470D0 /* Package410.framework in Frameworks */ = {isa = PBXBuildFile; fileRef = 99A690F8DE213773FA95A55A /* Package410.framework */; };
		31E79D298E74EBBF30958164 /* Package405.framework in Frameworks */ = {isa = PBXBuildFile; fileRef = 470E208E2F5DECE4D0999B55 /* Package405.framework */; };
		4257029E149799FBDA907B11 /* Package411.framework in Frameworks */ = {isa = PBXBuildFile; fileRef = 021DA87F38D39814A3E52AB2 /* Package411.framework */; };
		6AD2E91B5548BE985197EC44 /* Package408.framework in Frameworks */ = {isa = PBXBuildFile; fileRef = 3333E7A99ED94869DADDECD3 /* Package408.framework */; };
		7C956B881B7F9F8F90720109 /* Package407.framework in Frameworks */ = {isa = PBXBuildFile; fileRef = 782F00323912F8C9870854E4 /* Package407.framework */; };
		8A9489CEA09778C92463612D /* Package409.framework in Frameworks */ = {isa = PBXBuildFile; fileRef = 2DCE44938F46998D366F9C50 /* Package409.framework */; };
		94FE348E9267EE889FC1ADAB /* RandomCode3.swift in Sources */ = {isa = PBXBuildFile; fileRef = F788F8A4C8521628D4BE121F /* RandomCode3.swift */; };
		A1419FC6A6A7027E4AB33FCE /* Package406.framework in Frameworks */ = {isa = PBXBuildFile; fileRef = FA49E1E87F08707BAC5119AD /* Package406.framework */; };
		A60FAC2646FB365188732683 /* RandomCode7.swift in Sources */ = {isa = PBXBuildFile; fileRef = A4A5ABC194303CE4C7A54721 /* RandomCode7.swift */; };
		AB48F89D47FB14A4D0C48447 /* RandomCode10.swift in Sources */ = {isa = PBXBuildFile; fileRef = 27996B44529D366F7B5C9EC4 /* RandomCode10.swift */; };
		BD50DB027B0FACF9A00DF12A /* RandomCode4.swift in Sources */ = {isa = PBXBuildFile; fileRef = 7B62C9494B7B10C1904A02AC /* RandomCode4.swift */; };
		BED55551DF45F3B64239015F /* RandomCode1.swift in Sources */ = {isa = PBXBuildFile; fileRef = 72A9722CCE6E49B3723BAF77 /* RandomCode1.swift */; };
		E452110A3AD6850A5FA40919 /* RandomCode6.swift in Sources */ = {isa = PBXBuildFile; fileRef = 85DE8C5E825D58A1322F800A /* RandomCode6.swift */; };
		E6C440A68C62022049C9ECC3 /* RandomCode8.swift in Sources */ = {isa = PBXBuildFile; fileRef = B8238E7483BB82F6EA079B7B /* RandomCode8.swift */; };
		E7EC120036F62EA551F79FC7 /* RandomCode5.swift in Sources */ = {isa = PBXBuildFile; fileRef = 24D69FB63C660E6D2E87A9D9 /* RandomCode5.swift */; };
		E8ADA17E138C63BC7FFA33E3 /* RandomCode2.swift in Sources */ = {isa = PBXBuildFile; fileRef = 5D4CAB3AA14F11FEB846841E /* RandomCode2.swift */; };
		F80FFF26268852EE5815F50E /* Package402.swift in Sources */ = {isa = PBXBuildFile; fileRef = 663ACBA66576CF954C4D4260 /* Package402.swift */; };
/* End PBXBuildFile section */

/* Begin PBXCopyFilesBuildPhase section */
		25F264BA9E39C52FA11C1782 /* Embed Frameworks */ = {
			isa = PBXCopyFilesBuildPhase;
			buildActionMask = 2147483647;
			dstPath = "";
			dstSubfolderSpec = 10;
			files = (
			);
			name = "Embed Frameworks";
			runOnlyForDeploymentPostprocessing = 0;
		};
/* End PBXCopyFilesBuildPhase section */

/* Begin PBXFileReference section */
		021DA87F38D39814A3E52AB2 /* Package411.framework */ = {isa = PBXFileReference; explicitFileType = wrapper.framework; includeInIndex = 0; path = Package411.framework; sourceTree = BUILT_PRODUCTS_DIR; };
		082B8D2B2A672ABEC56AE593 /* Package402-Info.plist */ = {isa = PBXFileReference; lastKnownFileType = text.plist; path = "Package402-Info.plist"; sourceTree = "<group>"; };
		24D69FB63C660E6D2E87A9D9 /* RandomCode5.swift */ = {isa = PBXFileReference; lastKnownFileType = sourcecode.swift; path = RandomCode5.swift; sourceTree = "<group>"; };
		27996B44529D366F7B5C9EC4 /* RandomCode10.swift */ = {isa = PBXFileReference; lastKnownFileType = sourcecode.swift; path = RandomCode10.swift; sourceTree = "<group>"; };
		2DCE44938F46998D366F9C50 /* Package409.framework */ = {isa = PBXFileReference; explicitFileType = wrapper.framework; includeInIndex = 0; path = Package409.framework; sourceTree = BUILT_PRODUCTS_DIR; };
		3333E7A99ED94869DADDECD3 /* Package408.framework */ = {isa = PBXFileReference; explicitFileType = wrapper.framework; includeInIndex = 0; path = Package408.framework; sourceTree = BUILT_PRODUCTS_DIR; };
		470E208E2F5DECE4D0999B55 /* Package405.framework */ = {isa = PBXFileReference; explicitFileType = wrapper.framework; includeInIndex = 0; path = Package405.framework; sourceTree = BUILT_PRODUCTS_DIR; };
		4F95E5969C2C9CA151F17195 /* Package403.framework */ = {isa = PBXFileReference; explicitFileType = wrapper.framework; includeInIndex = 0; path = Package403.framework; sourceTree = BUILT_PRODUCTS_DIR; };
		5D4CAB3AA14F11FEB846841E /* RandomCode2.swift */ = {isa = PBXFileReference; lastKnownFileType = sourcecode.swift; path = RandomCode2.swift; sourceTree = "<group>"; };
		64730D5CEB8600CD3B2AA417 /* Package404.framework */ = {isa = PBXFileReference; explicitFileType = wrapper.framework; includeInIndex = 0; path = Package404.framework; sourceTree = BUILT_PRODUCTS_DIR; };
		663ACBA66576CF954C4D4260 /* Package402.swift */ = {isa = PBXFileReference; lastKnownFileType = sourcecode.swift; path = Package402.swift; sourceTree = "<group>"; };
		6B4183B0C1D149C9B9CBC5F1 /* Package402.framework */ = {isa = PBXFileReference; explicitFileType = wrapper.framework; includeInIndex = 0; path = Package402.framework; sourceTree = BUILT_PRODUCTS_DIR; };
		72A9722CCE6E49B3723BAF77 /* RandomCode1.swift */ = {isa = PBXFileReference; lastKnownFileType = sourcecode.swift; path = RandomCode1.swift; sourceTree = "<group>"; };
		782F00323912F8C9870854E4 /* Package407.framework */ = {isa = PBXFileReference; explicitFileType = wrapper.framework; includeInIndex = 0; path = Package407.framework; sourceTree = BUILT_PRODUCTS_DIR; };
		7B62C9494B7B10C1904A02AC /* RandomCode4.swift */ = {isa = PBXFileReference; lastKnownFileType = sourcecode.swift; path = RandomCode4.swift; sourceTree = "<group>"; };
		85DE8C5E825D58A1322F800A /* RandomCode6.swift */ = {isa = PBXFileReference; lastKnownFileType = sourcecode.swift; path = RandomCode6.swift; sourceTree = "<group>"; };
		955885311E17B952E3B9CDE8 /* RandomCode9.swift */ = {isa = PBXFileReference; lastKnownFileType = sourcecode.swift; path = RandomCode9.swift; sourceTree = "<group>"; };
		99A690F8DE213773FA95A55A /* Package410.framework */ = {isa = PBXFileReference; explicitFileType = wrapper.framework; includeInIndex = 0; path = Package410.framework; sourceTree = BUILT_PRODUCTS_DIR; };
		A4A5ABC194303CE4C7A54721 /* RandomCode7.swift */ = {isa = PBXFileReference; lastKnownFileType = sourcecode.swift; path = RandomCode7.swift; sourceTree = "<group>"; };
		B8238E7483BB82F6EA079B7B /* RandomCode8.swift */ = {isa = PBXFileReference; lastKnownFileType = sourcecode.swift; path = RandomCode8.swift; sourceTree = "<group>"; };
		F788F8A4C8521628D4BE121F /* RandomCode3.swift */ = {isa = PBXFileReference; lastKnownFileType = sourcecode.swift; path = RandomCode3.swift; sourceTree = "<group>"; };
		F81E504AE2E5395B7844036F /* Package412.framework */ = {isa = PBXFileReference; explicitFileType = wrapper.framework; includeInIndex = 0; path = Package412.framework; sourceTree = BUILT_PRODUCTS_DIR; };
		FA49E1E87F08707BAC5119AD /* Package406.framework */ = {isa = PBXFileReference; explicitFileType = wrapper.framework; includeInIndex = 0; path = Package406.framework; sourceTree = BUILT_PRODUCTS_DIR; };
/* End PBXFileReference section */

/* Begin PBXFrameworksBuildPhase section */
		FC42F225AC1B0ADB0FDFF556 /* Frameworks */ = {
			isa = PBXFrameworksBuildPhase;
			buildActionMask = 2147483647;
			files = (
				2A07E309DD4449D64AC610F4 /* Package403.framework in Frameworks */,
				07351F43E15AF3F931B324BF /* Package404.framework in Frameworks */,
				31E79D298E74EBBF30958164 /* Package405.framework in Frameworks */,
				A1419FC6A6A7027E4AB33FCE /* Package406.framework in Frameworks */,
				7C956B881B7F9F8F90720109 /* Package407.framework in Frameworks */,
				6AD2E91B5548BE985197EC44 /* Package408.framework in Frameworks */,
				8A9489CEA09778C92463612D /* Package409.framework in Frameworks */,
				315D1E753D05485EBB7470D0 /* Package410.framework in Frameworks */,
				4257029E149799FBDA907B11 /* Package411.framework in Frameworks */,
				30DA8DAB9F88A89A64D19108 /* Package412.framework in Frameworks */,
			);
			runOnlyForDeploymentPostprocessing = 0;
		};
/* End PBXFrameworksBuildPhase section */

/* Begin PBXGroup section */
		110716D58E61B5EB072238DB /* Package402 */ = {
			isa = PBXGroup;
			children = (
				663ACBA66576CF954C4D4260 /* Package402.swift */,
				72A9722CCE6E49B3723BAF77 /* RandomCode1.swift */,
				5D4CAB3AA14F11FEB846841E /* RandomCode2.swift */,
				F788F8A4C8521628D4BE121F /* RandomCode3.swift */,
				7B62C9494B7B10C1904A02AC /* RandomCode4.swift */,
				24D69FB63C660E6D2E87A9D9 /* RandomCode5.swift */,
				85DE8C5E825D58A1322F800A /* RandomCode6.swift */,
				A4A5ABC194303CE4C7A54721 /* RandomCode7.swift */,
				B8238E7483BB82F6EA079B7B /* RandomCode8.swift */,
				955885311E17B952E3B9CDE8 /* RandomCode9.swift */,
				27996B44529D366F7B5C9EC4 /* RandomCode10.swift */,
			);
			path = Package402;
			sourceTree = "<group>";
		};
		4460EB988A6BAA8A2A44F1B3 /* Derived */ = {
			isa = PBXGroup;
			children = (
				49074A86BEF900254FBD59A1 /* InfoPlists */,
			);
			path = Derived;
			sourceTree = "<group>";
		};
		49074A86BEF900254FBD59A1 /* InfoPlists */ = {
			isa = PBXGroup;
			children = (
				082B8D2B2A672ABEC56AE593 /* Package402-Info.plist */,
			);
			path = InfoPlists;
			sourceTree = "<group>";
		};
		6BAC72BE014469C9B2B22F3E /* Sources */ = {
			isa = PBXGroup;
			children = (
				110716D58E61B5EB072238DB /* Package402 */,
			);
			path = Sources;
			sourceTree = "<group>";
		};
		AC60488289CD47043A7C3B3A /* Products */ = {
			isa = PBXGroup;
			children = (
				6B4183B0C1D149C9B9CBC5F1 /* Package402.framework */,
				4F95E5969C2C9CA151F17195 /* Package403.framework */,
				64730D5CEB8600CD3B2AA417 /* Package404.framework */,
				470E208E2F5DECE4D0999B55 /* Package405.framework */,
				FA49E1E87F08707BAC5119AD /* Package406.framework */,
				782F00323912F8C9870854E4 /* Package407.framework */,
				3333E7A99ED94869DADDECD3 /* Package408.framework */,
				2DCE44938F46998D366F9C50 /* Package409.framework */,
				99A690F8DE213773FA95A55A /* Package410.framework */,
				021DA87F38D39814A3E52AB2 /* Package411.framework */,
				F81E504AE2E5395B7844036F /* Package412.framework */,
			);
			name = Products;
			sourceTree = "<group>";
		};
		CCC2EF63C22A2DB482FF8F06 /* Project */ = {
			isa = PBXGroup;
			children = (
				4460EB988A6BAA8A2A44F1B3 /* Derived */,
				6BAC72BE014469C9B2B22F3E /* Sources */,
			);
			name = Project;
			sourceTree = "<group>";
		};
		EBC261DD4D884BF3C36071A8 = {
			isa = PBXGroup;
			children = (
				CCC2EF63C22A2DB482FF8F06 /* Project */,
				AC60488289CD47043A7C3B3A /* Products */,
			);
			sourceTree = "<group>";
		};
/* End PBXGroup section */

/* Begin PBXNativeTarget section */
		37E6233513479C99892B8A7B /* Package402 */ = {
			isa = PBXNativeTarget;
			buildConfigurationList = 058A2519E22C0161A730C40D /* Build configuration list for PBXNativeTarget "Package402" */;
			buildPhases = (
				1DF627BB770F67437902B68F /* Sources */,
				81C74303761B868006775EFF /* Resources */,
				25F264BA9E39C52FA11C1782 /* Embed Frameworks */,
				FC42F225AC1B0ADB0FDFF556 /* Frameworks */,
			);
			buildRules = (
			);
			dependencies = (
			);
			name = Package402;
			productName = Package402;
			productReference = 6B4183B0C1D149C9B9CBC5F1 /* Package402.framework */;
			productType = "com.apple.product-type.framework";
		};
/* End PBXNativeTarget section */

/* Begin PBXProject section */
		97317AE2DECE824A994AE0D2 /* Project object */ = {
			isa = PBXProject;
			attributes = {
				BuildIndependentTargetsInParallel = YES;
				TargetAttributes = {
				};
			};
			buildConfigurationList = 09C0918B21CDF3BC9B2DE6A4 /* Build configuration list for PBXProject "Package402" */;
			compatibilityVersion = "Xcode 14.0";
			developmentRegion = en;
			hasScannedForEncodings = 0;
			knownRegions = (
				Base,
				en,
			);
			mainGroup = EBC261DD4D884BF3C36071A8;
			productRefGroup = AC60488289CD47043A7C3B3A /* Products */;
			projectDirPath = "";
			projectRoot = "";
			targets = (
				37E6233513479C99892B8A7B /* Package402 */,
			);
		};
/* End PBXProject section */

/* Begin PBXResourcesBuildPhase section */
		81C74303761B868006775EFF /* Resources */ = {
			isa = PBXResourcesBuildPhase;
			buildActionMask = 2147483647;
			files = (
			);
			runOnlyForDeploymentPostprocessing = 0;
		};
/* End PBXResourcesBuildPhase section */

/* Begin PBXSourcesBuildPhase section */
		1DF627BB770F67437902B68F /* Sources */ = {
			isa = PBXSourcesBuildPhase;
			buildActionMask = 2147483647;
			files = (
				F80FFF26268852EE5815F50E /* Package402.swift in Sources */,
				BED55551DF45F3B64239015F /* RandomCode1.swift in Sources */,
				AB48F89D47FB14A4D0C48447 /* RandomCode10.swift in Sources */,
				E8ADA17E138C63BC7FFA33E3 /* RandomCode2.swift in Sources */,
				94FE348E9267EE889FC1ADAB /* RandomCode3.swift in Sources */,
				BD50DB027B0FACF9A00DF12A /* RandomCode4.swift in Sources */,
				E7EC120036F62EA551F79FC7 /* RandomCode5.swift in Sources */,
				E452110A3AD6850A5FA40919 /* RandomCode6.swift in Sources */,
				A60FAC2646FB365188732683 /* RandomCode7.swift in Sources */,
				E6C440A68C62022049C9ECC3 /* RandomCode8.swift in Sources */,
				116385CBD8EA39FFD8B289E8 /* RandomCode9.swift in Sources */,
			);
			runOnlyForDeploymentPostprocessing = 0;
		};
/* End PBXSourcesBuildPhase section */

/* Begin XCBuildConfiguration section */
		1BF2E559A8AA6734DD8A2787 /* Release */ = {
			isa = XCBuildConfiguration;
			buildSettings = {
				ALWAYS_SEARCH_USER_PATHS = NO;
				CLANG_ANALYZER_LOCALIZABILITY_NONLOCALIZED = YES;
				CLANG_ANALYZER_NONNULL = YES;
				CLANG_ANALYZER_NUMBER_OBJECT_CONVERSION = YES_AGGRESSIVE;
				CLANG_CXX_LANGUAGE_STANDARD = "gnu++14";
				CLANG_CXX_LIBRARY = "libc++";
				CLANG_ENABLE_MODULES = YES;
				CLANG_ENABLE_OBJC_ARC = YES;
				CLANG_ENABLE_OBJC_WEAK = YES;
				CLANG_WARN_BLOCK_CAPTURE_AUTORELEASING = YES;
				CLANG_WARN_BOOL_CONVERSION = YES;
				CLANG_WARN_COMMA = YES;
				CLANG_WARN_CONSTANT_CONVERSION = YES;
				CLANG_WARN_DEPRECATED_OBJC_IMPLEMENTATIONS = YES;
				CLANG_WARN_DIRECT_OBJC_ISA_USAGE = YES_ERROR;
				CLANG_WARN_DOCUMENTATION_COMMENTS = YES;
				CLANG_WARN_EMPTY_BODY = YES;
				CLANG_WARN_ENUM_CONVERSION = YES;
				CLANG_WARN_INFINITE_RECURSION = YES;
				CLANG_WARN_INT_CONVERSION = YES;
				CLANG_WARN_NON_LITERAL_NULL_CONVERSION = YES;
				CLANG_WARN_OBJC_IMPLICIT_RETAIN_SELF = YES;
				CLANG_WARN_OBJC_LITERAL_CONVERSION = YES;
				CLANG_WARN_OBJC_ROOT_CLASS = YES_ERROR;
				CLANG_WARN_QUOTED_INCLUDE_IN_FRAMEWORK_HEADER = YES;
				CLANG_WARN_RANGE_LOOP_ANALYSIS = YES;
				CLANG_WARN_STRICT_PROTOTYPES = YES;
				CLANG_WARN_SUSPICIOUS_MOVE = YES;
				CLANG_WARN_UNGUARDED_AVAILABILITY = YES_AGGRESSIVE;
				CLANG_WARN_UNREACHABLE_CODE = YES;
				CLANG_WARN__DUPLICATE_METHOD_MATCH = YES;
				COPY_PHASE_STRIP = NO;
				DEAD_CODE_STRIPPING = YES;
				DEBUG_INFORMATION_FORMAT = "dwarf-with-dsym";
				ENABLE_NS_ASSERTIONS = NO;
				ENABLE_STRICT_OBJC_MSGSEND = YES;
				GCC_C_LANGUAGE_STANDARD = gnu11;
				GCC_NO_COMMON_BLOCKS = YES;
				GCC_WARN_64_TO_32_BIT_CONVERSION = YES;
				GCC_WARN_ABOUT_RETURN_TYPE = YES_ERROR;
				GCC_WARN_UNDECLARED_SELECTOR = YES;
				GCC_WARN_UNINITIALIZED_AUTOS = YES_AGGRESSIVE;
				GCC_WARN_UNUSED_FUNCTION = YES;
				GCC_WARN_UNUSED_VARIABLE = YES;
				MTL_ENABLE_DEBUG_INFO = NO;
				PRODUCT_NAME = "$(TARGET_NAME)";
				VALIDATE_PRODUCT = YES;
			};
			name = Release;
		};
		56CBC8CF92B096ED9AF5E7F8 /* Release */ = {
			isa = XCBuildConfiguration;
			buildSettings = {
				CODE_SIGN_IDENTITY = "";
				CURRENT_PROJECT_VERSION = 1;
				DEFINES_MODULE = YES;
				DYLIB_COMPATIBILITY_VERSION = 1;
				DYLIB_CURRENT_VERSION = 1;
				DYLIB_INSTALL_NAME_BASE = "@rpath";
				INFOPLIST_FILE = "Derived/InfoPlists/Package402-Info.plist";
				INSTALL_PATH = "$(LOCAL_LIBRARY_DIR)/Frameworks";
				LD_RUNPATH_SEARCH_PATHS = (
					"$(inherited)",
					"@executable_path/Frameworks",
					"@loader_path/Frameworks",
				);
				PRODUCT_BUNDLE_IDENTIFIER = io.tuist.Package402;
				PRODUCT_NAME = Package402;
				SDKROOT = iphoneos;
				SKIP_INSTALL = YES;
				SUPPORTS_MACCATALYST = NO;
				SUPPORTS_MAC_DESIGNED_FOR_IPHONE_IPAD = YES;
				SUPPORTS_XR_DESIGNED_FOR_IPHONE_IPAD = NO;
				SWIFT_COMPILATION_MODE = wholemodule;
				SWIFT_OPTIMIZATION_LEVEL = "-Owholemodule";
				SWIFT_VERSION = 5.0;
				TARGETED_DEVICE_FAMILY = "1,2";
				VERSIONING_SYSTEM = "apple-generic";
				VERSION_INFO_PREFIX = "";
			};
			name = Release;
		};
		6701B4245E5E6A2EB0936368 /* Debug */ = {
			isa = XCBuildConfiguration;
			buildSettings = {
				CODE_SIGN_IDENTITY = "";
				CURRENT_PROJECT_VERSION = 1;
				DEFINES_MODULE = YES;
				DYLIB_COMPATIBILITY_VERSION = 1;
				DYLIB_CURRENT_VERSION = 1;
				DYLIB_INSTALL_NAME_BASE = "@rpath";
				INFOPLIST_FILE = "Derived/InfoPlists/Package402-Info.plist";
				INSTALL_PATH = "$(LOCAL_LIBRARY_DIR)/Frameworks";
				LD_RUNPATH_SEARCH_PATHS = (
					"$(inherited)",
					"@executable_path/Frameworks",
					"@loader_path/Frameworks",
				);
				PRODUCT_BUNDLE_IDENTIFIER = io.tuist.Package402;
				PRODUCT_NAME = Package402;
				SDKROOT = iphoneos;
				SKIP_INSTALL = YES;
				SUPPORTS_MACCATALYST = NO;
				SUPPORTS_MAC_DESIGNED_FOR_IPHONE_IPAD = YES;
				SUPPORTS_XR_DESIGNED_FOR_IPHONE_IPAD = NO;
				SWIFT_ACTIVE_COMPILATION_CONDITIONS = (
					"$(inherited)",
					DEBUG,
				);
				SWIFT_COMPILATION_MODE = singlefile;
				SWIFT_OPTIMIZATION_LEVEL = "-Onone";
				SWIFT_VERSION = 5.0;
				TARGETED_DEVICE_FAMILY = "1,2";
				VERSIONING_SYSTEM = "apple-generic";
				VERSION_INFO_PREFIX = "";
			};
			name = Debug;
		};
		EFB4A3921EEA516A461AF197 /* Debug */ = {
			isa = XCBuildConfiguration;
			buildSettings = {
				ALWAYS_SEARCH_USER_PATHS = NO;
				CLANG_ANALYZER_LOCALIZABILITY_NONLOCALIZED = YES;
				CLANG_ANALYZER_NONNULL = YES;
				CLANG_ANALYZER_NUMBER_OBJECT_CONVERSION = YES_AGGRESSIVE;
				CLANG_CXX_LANGUAGE_STANDARD = "gnu++14";
				CLANG_CXX_LIBRARY = "libc++";
				CLANG_ENABLE_MODULES = YES;
				CLANG_ENABLE_OBJC_ARC = YES;
				CLANG_ENABLE_OBJC_WEAK = YES;
				CLANG_WARN_BLOCK_CAPTURE_AUTORELEASING = YES;
				CLANG_WARN_BOOL_CONVERSION = YES;
				CLANG_WARN_COMMA = YES;
				CLANG_WARN_CONSTANT_CONVERSION = YES;
				CLANG_WARN_DEPRECATED_OBJC_IMPLEMENTATIONS = YES;
				CLANG_WARN_DIRECT_OBJC_ISA_USAGE = YES_ERROR;
				CLANG_WARN_DOCUMENTATION_COMMENTS = YES;
				CLANG_WARN_EMPTY_BODY = YES;
				CLANG_WARN_ENUM_CONVERSION = YES;
				CLANG_WARN_INFINITE_RECURSION = YES;
				CLANG_WARN_INT_CONVERSION = YES;
				CLANG_WARN_NON_LITERAL_NULL_CONVERSION = YES;
				CLANG_WARN_OBJC_IMPLICIT_RETAIN_SELF = YES;
				CLANG_WARN_OBJC_LITERAL_CONVERSION = YES;
				CLANG_WARN_OBJC_ROOT_CLASS = YES_ERROR;
				CLANG_WARN_QUOTED_INCLUDE_IN_FRAMEWORK_HEADER = YES;
				CLANG_WARN_RANGE_LOOP_ANALYSIS = YES;
				CLANG_WARN_STRICT_PROTOTYPES = YES;
				CLANG_WARN_SUSPICIOUS_MOVE = YES;
				CLANG_WARN_UNGUARDED_AVAILABILITY = YES_AGGRESSIVE;
				CLANG_WARN_UNREACHABLE_CODE = YES;
				CLANG_WARN__DUPLICATE_METHOD_MATCH = YES;
				COPY_PHASE_STRIP = NO;
				DEAD_CODE_STRIPPING = YES;
				DEBUG_INFORMATION_FORMAT = dwarf;
				ENABLE_STRICT_OBJC_MSGSEND = YES;
				ENABLE_TESTABILITY = YES;
				GCC_C_LANGUAGE_STANDARD = gnu11;
				GCC_DYNAMIC_NO_PIC = NO;
				GCC_NO_COMMON_BLOCKS = YES;
				GCC_OPTIMIZATION_LEVEL = 0;
				GCC_PREPROCESSOR_DEFINITIONS = (
					"DEBUG=1",
					"$(inherited)",
				);
				GCC_WARN_64_TO_32_BIT_CONVERSION = YES;
				GCC_WARN_ABOUT_RETURN_TYPE = YES_ERROR;
				GCC_WARN_UNDECLARED_SELECTOR = YES;
				GCC_WARN_UNINITIALIZED_AUTOS = YES_AGGRESSIVE;
				GCC_WARN_UNUSED_FUNCTION = YES;
				GCC_WARN_UNUSED_VARIABLE = YES;
				MTL_ENABLE_DEBUG_INFO = YES;
				ONLY_ACTIVE_ARCH = YES;
				PRODUCT_NAME = "$(TARGET_NAME)";
			};
			name = Debug;
		};
/* End XCBuildConfiguration section */

/* Begin XCConfigurationList section */
		058A2519E22C0161A730C40D /* Build configuration list for PBXNativeTarget "Package402" */ = {
			isa = XCConfigurationList;
			buildConfigurations = (
				6701B4245E5E6A2EB0936368 /* Debug */,
				56CBC8CF92B096ED9AF5E7F8 /* Release */,
			);
			defaultConfigurationIsVisible = 0;
			defaultConfigurationName = Release;
		};
		09C0918B21CDF3BC9B2DE6A4 /* Build configuration list for PBXProject "Package402" */ = {
			isa = XCConfigurationList;
			buildConfigurations = (
				EFB4A3921EEA516A461AF197 /* Debug */,
				1BF2E559A8AA6734DD8A2787 /* Release */,
			);
			defaultConfigurationIsVisible = 0;
			defaultConfigurationName = Release;
		};
/* End XCConfigurationList section */
	};
	rootObject = 97317AE2DECE824A994AE0D2 /* Project object */;
}
