// !$*UTF8*$!
{
	archiveVersion = 1;
	classes = {
	};
	objectVersion = 55;
	objects = {

/* Begin PBXBuildFile section */
		1075C681EF303F63FB17BB3B /* Package414.framework in Frameworks */ = {isa = PBXBuildFile; fileRef = 9243C96341D077C2F02A4347 /* Package414.framework */; };
		26599D7E44CB86ED1393432A /* Package418.framework in Frameworks */ = {isa = PBXBuildFile; fileRef = E723D64AB2F4A3FF077C5A4F /* Package418.framework */; };
		480400593EFF63E5967EAC4C /* RandomCode1.swift in Sources */ = {isa = PBXBuildFile; fileRef = EC4D47763EF01F88594659E3 /* RandomCode1.swift */; };
		5BF45A0C178E609379A156C4 /* Package419.framework in Frameworks */ = {isa = PBXBuildFile; fileRef = 32B7B4D62F27F6843A83DE70 /* Package419.framework */; };
		5BFA989AEE2DC158E5B38683 /* Package417.framework in Frameworks */ = {isa = PBXBuildFile; fileRef = 2C7C483953E2E7E317E629AE /* Package417.framework */; };
		624FDEB1717F0727C5F91736 /* Package410.swift in Sources */ = {isa = PBXBuildFile; fileRef = 9ED5EB486FF5251E62D9BA71 /* Package410.swift */; };
		6B5F6570CA03AF781CF79104 /* Package413.framework in Frameworks */ = {isa = PBXBuildFile; fileRef = 6321D7D3A1F2548BB84C84D2 /* Package413.framework */; };
		79F17207D0DB8561975AA446 /* RandomCode10.swift in Sources */ = {isa = PBXBuildFile; fileRef = 10204CF53BB50BA39B36FECC /* RandomCode10.swift */; };
		7FEDE95B101A7B78E5AB8F53 /* RandomCode3.swift in Sources */ = {isa = PBXBuildFile; fileRef = 98EBEE83B4A1A0A056324B3A /* RandomCode3.swift */; };
		82F552FF3E80921C7780CF76 /* RandomCode9.swift in Sources */ = {isa = PBXBuildFile; fileRef = C4DC062B4642B6E5F3FBB193 /* RandomCode9.swift */; };
		98A7E27DB68C9CA67B0AB8EF /* Package420.framework in Frameworks */ = {isa = PBXBuildFile; fileRef = F75D711B684A0F66ADCACB0D /* Package420.framework */; };
		9A78B2308D8773E834716A59 /* RandomCode6.swift in Sources */ = {isa = PBXBuildFile; fileRef = 4DDB74DB2DE6CB31872B274C /* RandomCode6.swift */; };
		B8FD1021CAF4703A0CD7E3C7 /* Package412.framework in Frameworks */ = {isa = PBXBuildFile; fileRef = 0999E6832E5B0AB8AF1DF7A1 /* Package412.framework */; };
		BDB89329807EA15579E053E0 /* RandomCode4.swift in Sources */ = {isa = PBXBuildFile; fileRef = FB06B4BD9077318B4FF56AC4 /* RandomCode4.swift */; };
		CA64185BC44CD8400D4E1A35 /* Package415.framework in Frameworks */ = {isa = PBXBuildFile; fileRef = 391113A8C636AB3586BB3F7C /* Package415.framework */; };
		D95BA7D30C5D77479E9640F3 /* RandomCode7.swift in Sources */ = {isa = PBXBuildFile; fileRef = 06C96C7BFA42AD33AE009D2A /* RandomCode7.swift */; };
		E0088A67BD601752F5650F39 /* Package411.framework in Frameworks */ = {isa = PBXBuildFile; fileRef = 6683516018107351EC676D75 /* Package411.framework */; };
		E027518BDEEBA90FFA64FAE0 /* RandomCode2.swift in Sources */ = {isa = PBXBuildFile; fileRef = CC1EC78C769CBDDABACD3B11 /* RandomCode2.swift */; };
		E4281012F4BC0742C7AED141 /* RandomCode8.swift in Sources */ = {isa = PBXBuildFile; fileRef = A1082F4E0ED6513327E55AF7 /* RandomCode8.swift */; };
		FB0949E91EA94B7DFDF4B267 /* RandomCode5.swift in Sources */ = {isa = PBXBuildFile; fileRef = FE73B3C35E68B7FA89878F19 /* RandomCode5.swift */; };
		FC1CDBB8C98DAE545D0B2ACC /* Package416.framework in Frameworks */ = {isa = PBXBuildFile; fileRef = 71A507C0C633C35E56A5FB19 /* Package416.framework */; };
/* End PBXBuildFile section */

/* Begin PBXCopyFilesBuildPhase section */
		4897034B44A1E3935F689BBF /* Embed Frameworks */ = {
			isa = PBXCopyFilesBuildPhase;
			buildActionMask = 2147483647;
			dstPath = "";
			dstSubfolderSpec = 10;
			files = (
			);
			name = "Embed Frameworks";
			runOnlyForDeploymentPostprocessing = 0;
		};
/* End PBXCopyFilesBuildPhase section */

/* Begin PBXFileReference section */
		06C96C7BFA42AD33AE009D2A /* RandomCode7.swift */ = {isa = PBXFileReference; lastKnownFileType = sourcecode.swift; path = RandomCode7.swift; sourceTree = "<group>"; };
		0999E6832E5B0AB8AF1DF7A1 /* Package412.framework */ = {isa = PBXFileReference; explicitFileType = wrapper.framework; includeInIndex = 0; path = Package412.framework; sourceTree = BUILT_PRODUCTS_DIR; };
		10204CF53BB50BA39B36FECC /* RandomCode10.swift */ = {isa = PBXFileReference; lastKnownFileType = sourcecode.swift; path = RandomCode10.swift; sourceTree = "<group>"; };
		2C7C483953E2E7E317E629AE /* Package417.framework */ = {isa = PBXFileReference; explicitFileType = wrapper.framework; includeInIndex = 0; path = Package417.framework; sourceTree = BUILT_PRODUCTS_DIR; };
		32B7B4D62F27F6843A83DE70 /* Package419.framework */ = {isa = PBXFileReference; explicitFileType = wrapper.framework; includeInIndex = 0; path = Package419.framework; sourceTree = BUILT_PRODUCTS_DIR; };
		391113A8C636AB3586BB3F7C /* Package415.framework */ = {isa = PBXFileReference; explicitFileType = wrapper.framework; includeInIndex = 0; path = Package415.framework; sourceTree = BUILT_PRODUCTS_DIR; };
		3EEC97A535D22B0F730E4904 /* Package410-Info.plist */ = {isa = PBXFileReference; lastKnownFileType = text.plist; path = "Package410-Info.plist"; sourceTree = "<group>"; };
		4DDB74DB2DE6CB31872B274C /* RandomCode6.swift */ = {isa = PBXFileReference; lastKnownFileType = sourcecode.swift; path = RandomCode6.swift; sourceTree = "<group>"; };
		6321D7D3A1F2548BB84C84D2 /* Package413.framework */ = {isa = PBXFileReference; explicitFileType = wrapper.framework; includeInIndex = 0; path = Package413.framework; sourceTree = BUILT_PRODUCTS_DIR; };
		6683516018107351EC676D75 /* Package411.framework */ = {isa = PBXFileReference; explicitFileType = wrapper.framework; includeInIndex = 0; path = Package411.framework; sourceTree = BUILT_PRODUCTS_DIR; };
		71A507C0C633C35E56A5FB19 /* Package416.framework */ = {isa = PBXFileReference; explicitFileType = wrapper.framework; includeInIndex = 0; path = Package416.framework; sourceTree = BUILT_PRODUCTS_DIR; };
		9243C96341D077C2F02A4347 /* Package414.framework */ = {isa = PBXFileReference; explicitFileType = wrapper.framework; includeInIndex = 0; path = Package414.framework; sourceTree = BUILT_PRODUCTS_DIR; };
		98EBEE83B4A1A0A056324B3A /* RandomCode3.swift */ = {isa = PBXFileReference; lastKnownFileType = sourcecode.swift; path = RandomCode3.swift; sourceTree = "<group>"; };
		9CE5B0D5AD62E8C9D5E5F4BD /* Package410.framework */ = {isa = PBXFileReference; explicitFileType = wrapper.framework; includeInIndex = 0; path = Package410.framework; sourceTree = BUILT_PRODUCTS_DIR; };
		9ED5EB486FF5251E62D9BA71 /* Package410.swift */ = {isa = PBXFileReference; lastKnownFileType = sourcecode.swift; path = Package410.swift; sourceTree = "<group>"; };
		A1082F4E0ED6513327E55AF7 /* RandomCode8.swift */ = {isa = PBXFileReference; lastKnownFileType = sourcecode.swift; path = RandomCode8.swift; sourceTree = "<group>"; };
		C4DC062B4642B6E5F3FBB193 /* RandomCode9.swift */ = {isa = PBXFileReference; lastKnownFileType = sourcecode.swift; path = RandomCode9.swift; sourceTree = "<group>"; };
		CC1EC78C769CBDDABACD3B11 /* RandomCode2.swift */ = {isa = PBXFileReference; lastKnownFileType = sourcecode.swift; path = RandomCode2.swift; sourceTree = "<group>"; };
		E723D64AB2F4A3FF077C5A4F /* Package418.framework */ = {isa = PBXFileReference; explicitFileType = wrapper.framework; includeInIndex = 0; path = Package418.framework; sourceTree = BUILT_PRODUCTS_DIR; };
		EC4D47763EF01F88594659E3 /* RandomCode1.swift */ = {isa = PBXFileReference; lastKnownFileType = sourcecode.swift; path = RandomCode1.swift; sourceTree = "<group>"; };
		F75D711B684A0F66ADCACB0D /* Package420.framework */ = {isa = PBXFileReference; explicitFileType = wrapper.framework; includeInIndex = 0; path = Package420.framework; sourceTree = BUILT_PRODUCTS_DIR; };
		FB06B4BD9077318B4FF56AC4 /* RandomCode4.swift */ = {isa = PBXFileReference; lastKnownFileType = sourcecode.swift; path = RandomCode4.swift; sourceTree = "<group>"; };
		FE73B3C35E68B7FA89878F19 /* RandomCode5.swift */ = {isa = PBXFileReference; lastKnownFileType = sourcecode.swift; path = RandomCode5.swift; sourceTree = "<group>"; };
/* End PBXFileReference section */

/* Begin PBXFrameworksBuildPhase section */
		7515DE2A26A9FEFA7C993697 /* Frameworks */ = {
			isa = PBXFrameworksBuildPhase;
			buildActionMask = 2147483647;
			files = (
				E0088A67BD601752F5650F39 /* Package411.framework in Frameworks */,
				B8FD1021CAF4703A0CD7E3C7 /* Package412.framework in Frameworks */,
				6B5F6570CA03AF781CF79104 /* Package413.framework in Frameworks */,
				1075C681EF303F63FB17BB3B /* Package414.framework in Frameworks */,
				CA64185BC44CD8400D4E1A35 /* Package415.framework in Frameworks */,
				FC1CDBB8C98DAE545D0B2ACC /* Package416.framework in Frameworks */,
				5BFA989AEE2DC158E5B38683 /* Package417.framework in Frameworks */,
				26599D7E44CB86ED1393432A /* Package418.framework in Frameworks */,
				5BF45A0C178E609379A156C4 /* Package419.framework in Frameworks */,
				98A7E27DB68C9CA67B0AB8EF /* Package420.framework in Frameworks */,
			);
			runOnlyForDeploymentPostprocessing = 0;
		};
/* End PBXFrameworksBuildPhase section */

/* Begin PBXGroup section */
		126287D30102225219232F47 /* InfoPlists */ = {
			isa = PBXGroup;
			children = (
				3EEC97A535D22B0F730E4904 /* Package410-Info.plist */,
			);
			path = InfoPlists;
			sourceTree = "<group>";
		};
		130C09BE63985D7AD6275D7E = {
			isa = PBXGroup;
			children = (
				E6ED2200A14A422330DDCBC1 /* Project */,
				D80CCABDDE489CAFD81588EB /* Products */,
			);
			sourceTree = "<group>";
		};
		24F27353D169416FE566F89B /* Derived */ = {
			isa = PBXGroup;
			children = (
				126287D30102225219232F47 /* InfoPlists */,
			);
			path = Derived;
			sourceTree = "<group>";
		};
		7309D691C9B938E3C7E77212 /* Sources */ = {
			isa = PBXGroup;
			children = (
				D0D04E14947CCE27CF1A24CA /* Package410 */,
			);
			path = Sources;
			sourceTree = "<group>";
		};
		D0D04E14947CCE27CF1A24CA /* Package410 */ = {
			isa = PBXGroup;
			children = (
				9ED5EB486FF5251E62D9BA71 /* Package410.swift */,
				EC4D47763EF01F88594659E3 /* RandomCode1.swift */,
				CC1EC78C769CBDDABACD3B11 /* RandomCode2.swift */,
				98EBEE83B4A1A0A056324B3A /* RandomCode3.swift */,
				FB06B4BD9077318B4FF56AC4 /* RandomCode4.swift */,
				FE73B3C35E68B7FA89878F19 /* RandomCode5.swift */,
				4DDB74DB2DE6CB31872B274C /* RandomCode6.swift */,
				06C96C7BFA42AD33AE009D2A /* RandomCode7.swift */,
				A1082F4E0ED6513327E55AF7 /* RandomCode8.swift */,
				C4DC062B4642B6E5F3FBB193 /* RandomCode9.swift */,
				10204CF53BB50BA39B36FECC /* RandomCode10.swift */,
			);
			path = Package410;
			sourceTree = "<group>";
		};
		D80CCABDDE489CAFD81588EB /* Products */ = {
			isa = PBXGroup;
			children = (
				9CE5B0D5AD62E8C9D5E5F4BD /* Package410.framework */,
				6683516018107351EC676D75 /* Package411.framework */,
				0999E6832E5B0AB8AF1DF7A1 /* Package412.framework */,
				6321D7D3A1F2548BB84C84D2 /* Package413.framework */,
				9243C96341D077C2F02A4347 /* Package414.framework */,
				391113A8C636AB3586BB3F7C /* Package415.framework */,
				71A507C0C633C35E56A5FB19 /* Package416.framework */,
				2C7C483953E2E7E317E629AE /* Package417.framework */,
				E723D64AB2F4A3FF077C5A4F /* Package418.framework */,
				32B7B4D62F27F6843A83DE70 /* Package419.framework */,
				F75D711B684A0F66ADCACB0D /* Package420.framework */,
			);
			name = Products;
			sourceTree = "<group>";
		};
		E6ED2200A14A422330DDCBC1 /* Project */ = {
			isa = PBXGroup;
			children = (
				24F27353D169416FE566F89B /* Derived */,
				7309D691C9B938E3C7E77212 /* Sources */,
			);
			name = Project;
			sourceTree = "<group>";
		};
/* End PBXGroup section */

/* Begin PBXNativeTarget section */
		43229E9FC647C6EF31DED3E9 /* Package410 */ = {
			isa = PBXNativeTarget;
			buildConfigurationList = B83FB60292B915929E6CDEAE /* Build configuration list for PBXNativeTarget "Package410" */;
			buildPhases = (
				4421A61202C89FBFD0E9C69F /* Sources */,
				08BC27F2642CB9B309835F94 /* Resources */,
				4897034B44A1E3935F689BBF /* Embed Frameworks */,
				7515DE2A26A9FEFA7C993697 /* Frameworks */,
			);
			buildRules = (
			);
			dependencies = (
			);
			name = Package410;
			productName = Package410;
			productReference = 9CE5B0D5AD62E8C9D5E5F4BD /* Package410.framework */;
			productType = "com.apple.product-type.framework";
		};
/* End PBXNativeTarget section */

/* Begin PBXProject section */
		10F83B9E7C3A13C3D2E20040 /* Project object */ = {
			isa = PBXProject;
			attributes = {
				BuildIndependentTargetsInParallel = YES;
				TargetAttributes = {
				};
			};
			buildConfigurationList = 0F38C252EA2B84A89E0189D0 /* Build configuration list for PBXProject "Package410" */;
			compatibilityVersion = "Xcode 14.0";
			developmentRegion = en;
			hasScannedForEncodings = 0;
			knownRegions = (
				Base,
				en,
			);
			mainGroup = 130C09BE63985D7AD6275D7E;
			productRefGroup = D80CCABDDE489CAFD81588EB /* Products */;
			projectDirPath = "";
			projectRoot = "";
			targets = (
				43229E9FC647C6EF31DED3E9 /* Package410 */,
			);
		};
/* End PBXProject section */

/* Begin PBXResourcesBuildPhase section */
		08BC27F2642CB9B309835F94 /* Resources */ = {
			isa = PBXResourcesBuildPhase;
			buildActionMask = 2147483647;
			files = (
			);
			runOnlyForDeploymentPostprocessing = 0;
		};
/* End PBXResourcesBuildPhase section */

/* Begin PBXSourcesBuildPhase section */
		4421A61202C89FBFD0E9C69F /* Sources */ = {
			isa = PBXSourcesBuildPhase;
			buildActionMask = 2147483647;
			files = (
				624FDEB1717F0727C5F91736 /* Package410.swift in Sources */,
				480400593EFF63E5967EAC4C /* RandomCode1.swift in Sources */,
				79F17207D0DB8561975AA446 /* RandomCode10.swift in Sources */,
				E027518BDEEBA90FFA64FAE0 /* RandomCode2.swift in Sources */,
				7FEDE95B101A7B78E5AB8F53 /* RandomCode3.swift in Sources */,
				BDB89329807EA15579E053E0 /* RandomCode4.swift in Sources */,
				FB0949E91EA94B7DFDF4B267 /* RandomCode5.swift in Sources */,
				9A78B2308D8773E834716A59 /* RandomCode6.swift in Sources */,
				D95BA7D30C5D77479E9640F3 /* RandomCode7.swift in Sources */,
				E4281012F4BC0742C7AED141 /* RandomCode8.swift in Sources */,
				82F552FF3E80921C7780CF76 /* RandomCode9.swift in Sources */,
			);
			runOnlyForDeploymentPostprocessing = 0;
		};
/* End PBXSourcesBuildPhase section */

/* Begin XCBuildConfiguration section */
		1D884DE4C74580B858048D38 /* Release */ = {
			isa = XCBuildConfiguration;
			buildSettings = {
				ALWAYS_SEARCH_USER_PATHS = NO;
				CLANG_ANALYZER_LOCALIZABILITY_NONLOCALIZED = YES;
				CLANG_ANALYZER_NONNULL = YES;
				CLANG_ANALYZER_NUMBER_OBJECT_CONVERSION = YES_AGGRESSIVE;
				CLANG_CXX_LANGUAGE_STANDARD = "gnu++14";
				CLANG_CXX_LIBRARY = "libc++";
				CLANG_ENABLE_MODULES = YES;
				CLANG_ENABLE_OBJC_ARC = YES;
				CLANG_ENABLE_OBJC_WEAK = YES;
				CLANG_WARN_BLOCK_CAPTURE_AUTORELEASING = YES;
				CLANG_WARN_BOOL_CONVERSION = YES;
				CLANG_WARN_COMMA = YES;
				CLANG_WARN_CONSTANT_CONVERSION = YES;
				CLANG_WARN_DEPRECATED_OBJC_IMPLEMENTATIONS = YES;
				CLANG_WARN_DIRECT_OBJC_ISA_USAGE = YES_ERROR;
				CLANG_WARN_DOCUMENTATION_COMMENTS = YES;
				CLANG_WARN_EMPTY_BODY = YES;
				CLANG_WARN_ENUM_CONVERSION = YES;
				CLANG_WARN_INFINITE_RECURSION = YES;
				CLANG_WARN_INT_CONVERSION = YES;
				CLANG_WARN_NON_LITERAL_NULL_CONVERSION = YES;
				CLANG_WARN_OBJC_IMPLICIT_RETAIN_SELF = YES;
				CLANG_WARN_OBJC_LITERAL_CONVERSION = YES;
				CLANG_WARN_OBJC_ROOT_CLASS = YES_ERROR;
				CLANG_WARN_QUOTED_INCLUDE_IN_FRAMEWORK_HEADER = YES;
				CLANG_WARN_RANGE_LOOP_ANALYSIS = YES;
				CLANG_WARN_STRICT_PROTOTYPES = YES;
				CLANG_WARN_SUSPICIOUS_MOVE = YES;
				CLANG_WARN_UNGUARDED_AVAILABILITY = YES_AGGRESSIVE;
				CLANG_WARN_UNREACHABLE_CODE = YES;
				CLANG_WARN__DUPLICATE_METHOD_MATCH = YES;
				COPY_PHASE_STRIP = NO;
				DEAD_CODE_STRIPPING = YES;
				DEBUG_INFORMATION_FORMAT = "dwarf-with-dsym";
				ENABLE_NS_ASSERTIONS = NO;
				ENABLE_STRICT_OBJC_MSGSEND = YES;
				GCC_C_LANGUAGE_STANDARD = gnu11;
				GCC_NO_COMMON_BLOCKS = YES;
				GCC_WARN_64_TO_32_BIT_CONVERSION = YES;
				GCC_WARN_ABOUT_RETURN_TYPE = YES_ERROR;
				GCC_WARN_UNDECLARED_SELECTOR = YES;
				GCC_WARN_UNINITIALIZED_AUTOS = YES_AGGRESSIVE;
				GCC_WARN_UNUSED_FUNCTION = YES;
				GCC_WARN_UNUSED_VARIABLE = YES;
				MTL_ENABLE_DEBUG_INFO = NO;
				PRODUCT_NAME = "$(TARGET_NAME)";
				VALIDATE_PRODUCT = YES;
			};
			name = Release;
		};
		1F7B66A455A74741C081CC8F /* Debug */ = {
			isa = XCBuildConfiguration;
			buildSettings = {
				ALWAYS_SEARCH_USER_PATHS = NO;
				CLANG_ANALYZER_LOCALIZABILITY_NONLOCALIZED = YES;
				CLANG_ANALYZER_NONNULL = YES;
				CLANG_ANALYZER_NUMBER_OBJECT_CONVERSION = YES_AGGRESSIVE;
				CLANG_CXX_LANGUAGE_STANDARD = "gnu++14";
				CLANG_CXX_LIBRARY = "libc++";
				CLANG_ENABLE_MODULES = YES;
				CLANG_ENABLE_OBJC_ARC = YES;
				CLANG_ENABLE_OBJC_WEAK = YES;
				CLANG_WARN_BLOCK_CAPTURE_AUTORELEASING = YES;
				CLANG_WARN_BOOL_CONVERSION = YES;
				CLANG_WARN_COMMA = YES;
				CLANG_WARN_CONSTANT_CONVERSION = YES;
				CLANG_WARN_DEPRECATED_OBJC_IMPLEMENTATIONS = YES;
				CLANG_WARN_DIRECT_OBJC_ISA_USAGE = YES_ERROR;
				CLANG_WARN_DOCUMENTATION_COMMENTS = YES;
				CLANG_WARN_EMPTY_BODY = YES;
				CLANG_WARN_ENUM_CONVERSION = YES;
				CLANG_WARN_INFINITE_RECURSION = YES;
				CLANG_WARN_INT_CONVERSION = YES;
				CLANG_WARN_NON_LITERAL_NULL_CONVERSION = YES;
				CLANG_WARN_OBJC_IMPLICIT_RETAIN_SELF = YES;
				CLANG_WARN_OBJC_LITERAL_CONVERSION = YES;
				CLANG_WARN_OBJC_ROOT_CLASS = YES_ERROR;
				CLANG_WARN_QUOTED_INCLUDE_IN_FRAMEWORK_HEADER = YES;
				CLANG_WARN_RANGE_LOOP_ANALYSIS = YES;
				CLANG_WARN_STRICT_PROTOTYPES = YES;
				CLANG_WARN_SUSPICIOUS_MOVE = YES;
				CLANG_WARN_UNGUARDED_AVAILABILITY = YES_AGGRESSIVE;
				CLANG_WARN_UNREACHABLE_CODE = YES;
				CLANG_WARN__DUPLICATE_METHOD_MATCH = YES;
				COPY_PHASE_STRIP = NO;
				DEAD_CODE_STRIPPING = YES;
				DEBUG_INFORMATION_FORMAT = dwarf;
				ENABLE_STRICT_OBJC_MSGSEND = YES;
				ENABLE_TESTABILITY = YES;
				GCC_C_LANGUAGE_STANDARD = gnu11;
				GCC_DYNAMIC_NO_PIC = NO;
				GCC_NO_COMMON_BLOCKS = YES;
				GCC_OPTIMIZATION_LEVEL = 0;
				GCC_PREPROCESSOR_DEFINITIONS = (
					"DEBUG=1",
					"$(inherited)",
				);
				GCC_WARN_64_TO_32_BIT_CONVERSION = YES;
				GCC_WARN_ABOUT_RETURN_TYPE = YES_ERROR;
				GCC_WARN_UNDECLARED_SELECTOR = YES;
				GCC_WARN_UNINITIALIZED_AUTOS = YES_AGGRESSIVE;
				GCC_WARN_UNUSED_FUNCTION = YES;
				GCC_WARN_UNUSED_VARIABLE = YES;
				MTL_ENABLE_DEBUG_INFO = YES;
				ONLY_ACTIVE_ARCH = YES;
				PRODUCT_NAME = "$(TARGET_NAME)";
			};
			name = Debug;
		};
		2D09D4E2D3B6097EAE29F1F5 /* Debug */ = {
			isa = XCBuildConfiguration;
			buildSettings = {
				CODE_SIGN_IDENTITY = "";
				CURRENT_PROJECT_VERSION = 1;
				DEFINES_MODULE = YES;
				DYLIB_COMPATIBILITY_VERSION = 1;
				DYLIB_CURRENT_VERSION = 1;
				DYLIB_INSTALL_NAME_BASE = "@rpath";
				INFOPLIST_FILE = "Derived/InfoPlists/Package410-Info.plist";
				INSTALL_PATH = "$(LOCAL_LIBRARY_DIR)/Frameworks";
				LD_RUNPATH_SEARCH_PATHS = (
					"$(inherited)",
					"@executable_path/Frameworks",
					"@loader_path/Frameworks",
				);
				PRODUCT_BUNDLE_IDENTIFIER = io.tuist.Package410;
				PRODUCT_NAME = Package410;
				SDKROOT = iphoneos;
				SKIP_INSTALL = YES;
				SUPPORTS_MACCATALYST = NO;
				SUPPORTS_MAC_DESIGNED_FOR_IPHONE_IPAD = YES;
				SUPPORTS_XR_DESIGNED_FOR_IPHONE_IPAD = NO;
				SWIFT_ACTIVE_COMPILATION_CONDITIONS = (
					"$(inherited)",
					DEBUG,
				);
				SWIFT_COMPILATION_MODE = singlefile;
				SWIFT_OPTIMIZATION_LEVEL = "-Onone";
				SWIFT_VERSION = 5.0;
				TARGETED_DEVICE_FAMILY = "1,2";
				VERSIONING_SYSTEM = "apple-generic";
				VERSION_INFO_PREFIX = "";
			};
			name = Debug;
		};
		3BB5225783E7E816F052B599 /* Release */ = {
			isa = XCBuildConfiguration;
			buildSettings = {
				CODE_SIGN_IDENTITY = "";
				CURRENT_PROJECT_VERSION = 1;
				DEFINES_MODULE = YES;
				DYLIB_COMPATIBILITY_VERSION = 1;
				DYLIB_CURRENT_VERSION = 1;
				DYLIB_INSTALL_NAME_BASE = "@rpath";
				INFOPLIST_FILE = "Derived/InfoPlists/Package410-Info.plist";
				INSTALL_PATH = "$(LOCAL_LIBRARY_DIR)/Frameworks";
				LD_RUNPATH_SEARCH_PATHS = (
					"$(inherited)",
					"@executable_path/Frameworks",
					"@loader_path/Frameworks",
				);
				PRODUCT_BUNDLE_IDENTIFIER = io.tuist.Package410;
				PRODUCT_NAME = Package410;
				SDKROOT = iphoneos;
				SKIP_INSTALL = YES;
				SUPPORTS_MACCATALYST = NO;
				SUPPORTS_MAC_DESIGNED_FOR_IPHONE_IPAD = YES;
				SUPPORTS_XR_DESIGNED_FOR_IPHONE_IPAD = NO;
				SWIFT_COMPILATION_MODE = wholemodule;
				SWIFT_OPTIMIZATION_LEVEL = "-Owholemodule";
				SWIFT_VERSION = 5.0;
				TARGETED_DEVICE_FAMILY = "1,2";
				VERSIONING_SYSTEM = "apple-generic";
				VERSION_INFO_PREFIX = "";
			};
			name = Release;
		};
/* End XCBuildConfiguration section */

/* Begin XCConfigurationList section */
		0F38C252EA2B84A89E0189D0 /* Build configuration list for PBXProject "Package410" */ = {
			isa = XCConfigurationList;
			buildConfigurations = (
				1F7B66A455A74741C081CC8F /* Debug */,
				1D884DE4C74580B858048D38 /* Release */,
			);
			defaultConfigurationIsVisible = 0;
			defaultConfigurationName = Release;
		};
		B83FB60292B915929E6CDEAE /* Build configuration list for PBXNativeTarget "Package410" */ = {
			isa = XCConfigurationList;
			buildConfigurations = (
				2D09D4E2D3B6097EAE29F1F5 /* Debug */,
				3BB5225783E7E816F052B599 /* Release */,
			);
			defaultConfigurationIsVisible = 0;
			defaultConfigurationName = Release;
		};
/* End XCConfigurationList section */
	};
	rootObject = 10F83B9E7C3A13C3D2E20040 /* Project object */;
}
